
Microsoft Visual Studio Solution File, Format Version 12.00
# Visual Studio Version 17
VisualStudioVersion = 17.0.31903.59
MinimumVisualStudioVersion = 10.0.40219.1
Project("{2150E333-8FDC-42A3-9474-1A3956D46DE8}") = "src", "src", "{827E0CD3-B72D-47B6-A68D-7590B98EB39B}"
EndProject
Project("{FAE04EC0-301F-11D3-BF4B-00C04F79EFBC}") = "TenantTaskManager.Api", "src\TenantTaskManager.Api\TenantTaskManager.Api.csproj", "{90902F25-5B23-4E7D-8851-794A4ACD26BA}"
EndProject
Project("{FAE04EC0-301F-11D3-BF4B-00C04F79EFBC}") = "TenantTaskManager.Domain", "src\TenantTaskManager.Domain\TenantTaskManager.Domain.csproj", "{EF22A77F-A450-4553-BE40-23E61E8825EA}"
EndProject
Project("{2150E333-8FDC-42A3-9474-1A3956D46DE8}") = "tests", "tests", "{0AB3BF05-4346-4AA6-1389-037BE0695223}"
EndProject
Project("{FAE04EC0-301F-11D3-BF4B-00C04F79EFBC}") = "TenantTaskManager.Domain.Tests", "tests\TenantTaskManager.Domain.Tests\TenantTaskManager.Domain.Tests.csproj", "{062DB149-7081-4666-A345-58683C124EAA}"
EndProject
Project("{FAE04EC0-301F-11D3-BF4B-00C04F79EFBC}") = "TenantTaskManager.Application", "src\TenantTaskManager.Application\TenantTaskManager.Application.csproj", "{862C706D-224E-416D-B220-0C59845726FE}"
EndProject
Project("{FAE04EC0-301F-11D3-BF4B-00C04F79EFBC}") = "TenantTaskManager.Application.Tests", "tests\TenantTaskManager.Application.Tests\TenantTaskManager.Application.Tests.csproj", "{A685D966-F4AB-47FD-A591-1EFB0D1B8793}"
EndProject
Project("{FAE04EC0-301F-11D3-BF4B-00C04F79EFBC}") = "TenantTaskManager.Infrastructure", "src\TenantTaskManager.Infrastructure\TenantTaskManager.Infrastructure.csproj", "{CFE56B10-9449-4A49-BD00-73C64C713BFB}"
EndProject
Project("{FAE04EC0-301F-11D3-BF4B-00C04F79EFBC}") = "TenantTaskManager.Infrastructure.Tests", "tests\TenantTaskManager.Infrastructure.Tests\TenantTaskManager.Infrastructure.Tests.csproj", "{E8E6A845-D52B-4D62-B494-604DE630FE35}"
EndProject
Project("{FAE04EC0-301F-11D3-BF4B-00C04F79EFBC}") = "TenantTaskManager.Api.IntegrationTests", "tests\TenantTaskManager.Api.IntegrationTests\TenantTaskManager.Api.IntegrationTests.csproj", "{19851E51-D063-4F14-A594-5E074BEC30FF}"
EndProject
Project("{FAE04EC0-301F-11D3-BF4B-00C04F79EFBC}") = "TenantTaskManager.Desktop", "src\TenantTaskManager.Desktop\TenantTaskManager.Desktop.csproj", "{70E7BE85-22B4-45AC-B93A-25FAC979B6D3}"
EndProject
Global
	GlobalSection(SolutionConfigurationPlatforms) = preSolution
		Debug|Any CPU = Debug|Any CPU
		Debug|x64 = Debug|x64
		Debug|x86 = Debug|x86
		Release|Any CPU = Release|Any CPU
		Release|x64 = Release|x64
		Release|x86 = Release|x86
	EndGlobalSection
	GlobalSection(ProjectConfigurationPlatforms) = postSolution
		{90902F25-5B23-4E7D-8851-794A4ACD26BA}.Debug|Any CPU.ActiveCfg = Debug|Any CPU
		{90902F25-5B23-4E7D-8851-794A4ACD26BA}.Debug|Any CPU.Build.0 = Debug|Any CPU
		{90902F25-5B23-4E7D-8851-794A4ACD26BA}.Debug|x64.ActiveCfg = Debug|Any CPU
		{90902F25-5B23-4E7D-8851-794A4ACD26BA}.Debug|x64.Build.0 = Debug|Any CPU
		{90902F25-5B23-4E7D-8851-794A4ACD26BA}.Debug|x86.ActiveCfg = Debug|Any CPU
		{90902F25-5B23-4E7D-8851-794A4ACD26BA}.Debug|x86.Build.0 = Debug|Any CPU
		{90902F25-5B23-4E7D-8851-794A4ACD26BA}.Release|Any CPU.ActiveCfg = Release|Any CPU
		{90902F25-5B23-4E7D-8851-794A4ACD26BA}.Release|Any CPU.Build.0 = Release|Any CPU
		{90902F25-5B23-4E7D-8851-794A4ACD26BA}.Release|x64.ActiveCfg = Release|Any CPU
		{90902F25-5B23-4E7D-8851-794A4ACD26BA}.Release|x64.Build.0 = Release|Any CPU
		{90902F25-5B23-4E7D-8851-794A4ACD26BA}.Release|x86.ActiveCfg = Release|Any CPU
		{90902F25-5B23-4E7D-8851-794A4ACD26BA}.Release|x86.Build.0 = Release|Any CPU
		{EF22A77F-A450-4553-BE40-23E61E8825EA}.Debug|Any CPU.ActiveCfg = Debug|Any CPU
		{EF22A77F-A450-4553-BE40-23E61E8825EA}.Debug|Any CPU.Build.0 = Debug|Any CPU
		{EF22A77F-A450-4553-BE40-23E61E8825EA}.Debug|x64.ActiveCfg = Debug|Any CPU
		{EF22A77F-A450-4553-BE40-23E61E8825EA}.Debug|x64.Build.0 = Debug|Any CPU
		{EF22A77F-A450-4553-BE40-23E61E8825EA}.Debug|x86.ActiveCfg = Debug|Any CPU
		{EF22A77F-A450-4553-BE40-23E61E8825EA}.Debug|x86.Build.0 = Debug|Any CPU
		{EF22A77F-A450-4553-BE40-23E61E8825EA}.Release|Any CPU.ActiveCfg = Release|Any CPU
		{EF22A77F-A450-4553-BE40-23E61E8825EA}.Release|Any CPU.Build.0 = Release|Any CPU
		{EF22A77F-A450-4553-BE40-23E61E8825EA}.Release|x64.ActiveCfg = Release|Any CPU
		{EF22A77F-A450-4553-BE40-23E61E8825EA}.Release|x64.Build.0 = Release|Any CPU
		{EF22A77F-A450-4553-BE40-23E61E8825EA}.Release|x86.ActiveCfg = Release|Any CPU
		{EF22A77F-A450-4553-BE40-23E61E8825EA}.Release|x86.Build.0 = Release|Any CPU
		{062DB149-7081-4666-A345-58683C124EAA}.Debug|Any CPU.ActiveCfg = Debug|Any CPU
		{062DB149-7081-4666-A345-58683C124EAA}.Debug|Any CPU.Build.0 = Debug|Any CPU
		{062DB149-7081-4666-A345-58683C124EAA}.Debug|x64.ActiveCfg = Debug|Any CPU
		{062DB149-7081-4666-A345-58683C124EAA}.Debug|x64.Build.0 = Debug|Any CPU
		{062DB149-7081-4666-A345-58683C124EAA}.Debug|x86.ActiveCfg = Debug|Any CPU
		{062DB149-7081-4666-A345-58683C124EAA}.Debug|x86.Build.0 = Debug|Any CPU
		{062DB149-7081-4666-A345-58683C124EAA}.Release|Any CPU.ActiveCfg = Release|Any CPU
		{062DB149-7081-4666-A345-58683C124EAA}.Release|Any CPU.Build.0 = Release|Any CPU
		{062DB149-7081-4666-A345-58683C124EAA}.Release|x64.ActiveCfg = Release|Any CPU
		{062DB149-7081-4666-A345-58683C124EAA}.Release|x64.Build.0 = Release|Any CPU
		{062DB149-7081-4666-A345-58683C124EAA}.Release|x86.ActiveCfg = Release|Any CPU
		{062DB149-7081-4666-A345-58683C124EAA}.Release|x86.Build.0 = Release|Any CPU
		{862C706D-224E-416D-B220-0C59845726FE}.Debug|Any CPU.ActiveCfg = Debug|Any CPU
		{862C706D-224E-416D-B220-0C59845726FE}.Debug|Any CPU.Build.0 = Debug|Any CPU
		{862C706D-224E-416D-B220-0C59845726FE}.Debug|x64.ActiveCfg = Debug|Any CPU
		{862C706D-224E-416D-B220-0C59845726FE}.Debug|x64.Build.0 = Debug|Any CPU
		{862C706D-224E-416D-B220-0C59845726FE}.Debug|x86.ActiveCfg = Debug|Any CPU
		{862C706D-224E-416D-B220-0C59845726FE}.Debug|x86.Build.0 = Debug|Any CPU
		{862C706D-224E-416D-B220-0C59845726FE}.Release|Any CPU.ActiveCfg = Release|Any CPU
		{862C706D-224E-416D-B220-0C59845726FE}.Release|Any CPU.Build.0 = Release|Any CPU
		{862C706D-224E-416D-B220-0C59845726FE}.Release|x64.ActiveCfg = Release|Any CPU
		{862C706D-224E-416D-B220-0C59845726FE}.Release|x64.Build.0 = Release|Any CPU
		{862C706D-224E-416D-B220-0C59845726FE}.Release|x86.ActiveCfg = Release|Any CPU
		{862C706D-224E-416D-B220-0C59845726FE}.Release|x86.Build.0 = Release|Any CPU
		{A685D966-F4AB-47FD-A591-1EFB0D1B8793}.Debug|Any CPU.ActiveCfg = Debug|Any CPU
		{A685D966-F4AB-47FD-A591-1EFB0D1B8793}.Debug|Any CPU.Build.0 = Debug|Any CPU
		{A685D966-F4AB-47FD-A591-1EFB0D1B8793}.Debug|x64.ActiveCfg = Debug|Any CPU
		{A685D966-F4AB-47FD-A591-1EFB0D1B8793}.Debug|x64.Build.0 = Debug|Any CPU
		{A685D966-F4AB-47FD-A591-1EFB0D1B8793}.Debug|x86.ActiveCfg = Debug|Any CPU
		{A685D966-F4AB-47FD-A591-1EFB0D1B8793}.Debug|x86.Build.0 = Debug|Any CPU
		{A685D966-F4AB-47FD-A591-1EFB0D1B8793}.Release|Any CPU.ActiveCfg = Release|Any CPU
		{A685D966-F4AB-47FD-A591-1EFB0D1B8793}.Release|Any CPU.Build.0 = Release|Any CPU
		{A685D966-F4AB-47FD-A591-1EFB0D1B8793}.Release|x64.ActiveCfg = Release|Any CPU
		{A685D966-F4AB-47FD-A591-1EFB0D1B8793}.Release|x64.Build.0 = Release|Any CPU
		{A685D966-F4AB-47FD-A591-1EFB0D1B8793}.Release|x86.ActiveCfg = Release|Any CPU
		{A685D966-F4AB-47FD-A591-1EFB0D1B8793}.Release|x86.Build.0 = Release|Any CPU
		{CFE56B10-9449-4A49-BD00-73C64C713BFB}.Debug|Any CPU.ActiveCfg = Debug|Any CPU
		{CFE56B10-9449-4A49-BD00-73C64C713BFB}.Debug|Any CPU.Build.0 = Debug|Any CPU
		{CFE56B10-9449-4A49-BD00-73C64C713BFB}.Debug|x64.ActiveCfg = Debug|Any CPU
		{CFE56B10-9449-4A49-BD00-73C64C713BFB}.Debug|x64.Build.0 = Debug|Any CPU
		{CFE56B10-9449-4A49-BD00-73C64C713BFB}.Debug|x86.ActiveCfg = Debug|Any CPU
		{CFE56B10-9449-4A49-BD00-73C64C713BFB}.Debug|x86.Build.0 = Debug|Any CPU
		{CFE56B10-9449-4A49-BD00-73C64C713BFB}.Release|Any CPU.ActiveCfg = Release|Any CPU
		{CFE56B10-9449-4A49-BD00-73C64C713BFB}.Release|Any CPU.Build.0 = Release|Any CPU
		{CFE56B10-9449-4A49-BD00-73C64C713BFB}.Release|x64.ActiveCfg = Release|Any CPU
		{CFE56B10-9449-4A49-BD00-73C64C713BFB}.Release|x64.Build.0 = Release|Any CPU
		{CFE56B10-9449-4A49-BD00-73C64C713BFB}.Release|x86.ActiveCfg = Release|Any CPU
		{CFE56B10-9449-4A49-BD00-73C64C713BFB}.Release|x86.Build.0 = Release|Any CPU
		{E8E6A845-D52B-4D62-B494-604DE630FE35}.Debug|Any CPU.ActiveCfg = Debug|Any CPU
		{E8E6A845-D52B-4D62-B494-604DE630FE35}.Debug|Any CPU.Build.0 = Debug|Any CPU
		{E8E6A845-D52B-4D62-B494-604DE630FE35}.Debug|x64.ActiveCfg = Debug|Any CPU
		{E8E6A845-D52B-4D62-B494-604DE630FE35}.Debug|x64.Build.0 = Debug|Any CPU
		{E8E6A845-D52B-4D62-B494-604DE630FE35}.Debug|x86.ActiveCfg = Debug|Any CPU
		{E8E6A845-D52B-4D62-B494-604DE630FE35}.Debug|x86.Build.0 = Debug|Any CPU
		{E8E6A845-D52B-4D62-B494-604DE630FE35}.Release|Any CPU.ActiveCfg = Release|Any CPU
		{E8E6A845-D52B-4D62-B494-604DE630FE35}.Release|Any CPU.Build.0 = Release|Any CPU
		{E8E6A845-D52B-4D62-B494-604DE630FE35}.Release|x64.ActiveCfg = Release|Any CPU
		{E8E6A845-D52B-4D62-B494-604DE630FE35}.Release|x64.Build.0 = Release|Any CPU
		{E8E6A845-D52B-4D62-B494-604DE630FE35}.Release|x86.ActiveCfg = Release|Any CPU
		{E8E6A845-D52B-4D62-B494-604DE630FE35}.Release|x86.Build.0 = Release|Any CPU
		{19851E51-D063-4F14-A594-5E074BEC30FF}.Debug|Any CPU.ActiveCfg = Debug|Any CPU
		{19851E51-D063-4F14-A594-5E074BEC30FF}.Debug|Any CPU.Build.0 = Debug|Any CPU
		{19851E51-D063-4F14-A594-5E074BEC30FF}.Debug|x64.ActiveCfg = Debug|Any CPU
		{19851E51-D063-4F14-A594-5E074BEC30FF}.Debug|x64.Build.0 = Debug|Any CPU
		{19851E51-D063-4F14-A594-5E074BEC30FF}.Debug|x86.ActiveCfg = Debug|Any CPU
		{19851E51-D063-4F14-A594-5E074BEC30FF}.Debug|x86.Build.0 = Debug|Any CPU
		{19851E51-D063-4F14-A594-5E074BEC30FF}.Release|Any CPU.ActiveCfg = Release|Any CPU
		{19851E51-D063-4F14-A594-5E074BEC30FF}.Release|Any CPU.Build.0 = Release|Any CPU
		{19851E51-D063-4F14-A594-5E074BEC30FF}.Release|x64.ActiveCfg = Release|Any CPU
		{19851E51-D063-4F14-A594-5E074BEC30FF}.Release|x64.Build.0 = Release|Any CPU
		{19851E51-D063-4F14-A594-5E074BEC30FF}.Release|x86.ActiveCfg = Release|Any CPU
		{19851E51-D063-4F14-A594-5E074BEC30FF}.Release|x86.Build.0 = Release|Any CPU
		{70E7BE85-22B4-45AC-B93A-25FAC979B6D3}.Debug|Any CPU.ActiveCfg = Debug|Any CPU
		{70E7BE85-22B4-45AC-B93A-25FAC979B6D3}.Debug|Any CPU.Build.0 = Debug|Any CPU
		{70E7BE85-22B4-45AC-B93A-25FAC979B6D3}.Debug|x64.ActiveCfg = Debug|Any CPU
		{70E7BE85-22B4-45AC-B93A-25FAC979B6D3}.Debug|x64.Build.0 = Debug|Any CPU
		{70E7BE85-22B4-45AC-B93A-25FAC979B6D3}.Debug|x86.ActiveCfg = Debug|Any CPU
		{70E7BE85-22B4-45AC-B93A-25FAC979B6D3}.Debug|x86.Build.0 = Debug|Any CPU
		{70E7BE85-22B4-45AC-B93A-25FAC979B6D3}.Release|Any CPU.ActiveCfg = Release|Any CPU
		{70E7BE85-22B4-45AC-B93A-25FAC979B6D3}.Release|Any CPU.Build.0 = Release|Any CPU
		{70E7BE85-22B4-45AC-B93A-25FAC979B6D3}.Release|x64.ActiveCfg = Release|Any CPU
		{70E7BE85-22B4-45AC-B93A-25FAC979B6D3}.Release|x64.Build.0 = Release|Any CPU
		{70E7BE85-22B4-45AC-B93A-25FAC979B6D3}.Release|x86.ActiveCfg = Release|Any CPU
		{70E7BE85-22B4-45AC-B93A-25FAC979B6D3}.Release|x86.Build.0 = Release|Any CPU
	EndGlobalSection
	GlobalSection(SolutionProperties) = preSolution
		HideSolutionNode = FALSE
	EndGlobalSection
	GlobalSection(NestedProjects) = preSolution
		{90902F25-5B23-4E7D-8851-794A4ACD26BA} = {827E0CD3-B72D-47B6-A68D-7590B98EB39B}
		{EF22A77F-A450-4553-BE40-23E61E8825EA} = {827E0CD3-B72D-47B6-A68D-7590B98EB39B}
		{062DB149-7081-4666-A345-58683C124EAA} = {0AB3BF05-4346-4AA6-1389-037BE0695223}
		{862C706D-224E-416D-B220-0C59845726FE} = {827E0CD3-B72D-47B6-A68D-7590B98EB39B}
		{A685D966-F4AB-47FD-A591-1EFB0D1B8793} = {0AB3BF05-4346-4AA6-1389-037BE0695223}
		{CFE56B10-9449-4A49-BD00-73C64C713BFB} = {827E0CD3-B72D-47B6-A68D-7590B98EB39B}
		{E8E6A845-D52B-4D62-B494-604DE630FE35} = {0AB3BF05-4346-4AA6-1389-037BE0695223}
		{19851E51-D063-4F14-A594-5E074BEC30FF} = {0AB3BF05-4346-4AA6-1389-037BE0695223}
		{70E7BE85-22B4-45AC-B93A-25FAC979B6D3} = {827E0CD3-B72D-47B6-A68D-7590B98EB39B}
	EndGlobalSection
EndGlobal
